
Microsoft Visual Studio Solution File, Format Version 12.00
# Visual Studio Version 17
VisualStudioVersion = 17.0.31903.59
MinimumVisualStudioVersion = 10.0.40219.1
Project("{FAE04EC0-301F-11D3-BF4B-00C04F79EFBC}") = "EnumaElish.Client.Desktop", "GamePlatform\Launcher\EnumaElish.Client.Maui\EnumaElish.Client.Desktop.csproj", "{EEFB58B2-CAE3-D071-93B8-1D5EDF3A1769}"
EndProject
Project("{FAE04EC0-301F-11D3-BF4B-00C04F79EFBC}") = "enuma_elish.razor.lib", "GamePlatform\Launcher\Launcher.UI\enuma_elish.razor.lib\enuma_elish.razor.lib.csproj", "{B2F5AB4F-7C59-54C1-4220-E7A468A40126}"
EndProject
Project("{FAE04EC0-301F-11D3-BF4B-00C04F79EFBC}") = "EnumaElish.Blazor.WebAssembly", "GamePlatform\Launcher\EnumaElish.Client.Blazor\EnumaElish.Blazor.WebAssembly\EnumaElish.Blazor.WebAssembly.csproj", "{A1CB9731-0FFE-D46A-EF99-C564BF6889CE}"
EndProject
Project("{FAE04EC0-301F-11D3-BF4B-00C04F79EFBC}") = "EnumaElish.OpenGl", "GamePlatform\GameClient\EnumaElish.OpenGl\EnumaElish.OpenGl.csproj", "{27F9D9CC-E864-4DFA-900B-F7F58C48083D}"
EndProject
Project("{FAE04EC0-301F-11D3-BF4B-00C04F79EFBC}") = "EnumaElish.Game.Domain", "GamePlatform\GameClient\Game.Domain\EnumaElish.Game.Domain\EnumaElish.Game.Domain.csproj", "{B389BA73-593E-4E8B-BCDE-6960DC3A7AC6}"
EndProject
Project("{FAE04EC0-301F-11D3-BF4B-00C04F79EFBC}") = "EnumaElish.Game.UI", "GamePlatform\GameClient\Game.UI\EnumaElish.Game.UI\EnumaElish.Game.UI.csproj", "{3DB44B30-F42E-4DDC-9BCC-6ED9F10664BF}"
EndProject
Project("{FAE04EC0-301F-11D3-BF4B-00C04F79EFBC}") = "EnumaElish.Game.Logic", "GamePlatform\GameClient\Game.Logic\EnumaElish.Game.Logic\EnumaElish.Game.Logic.csproj", "{C98F4242-E7C8-4321-8B35-ADBBBB7C072B}"
EndProject
Global
	GlobalSection(SolutionConfigurationPlatforms) = preSolution
		Debug|Any CPU = Debug|Any CPU
		Release|Any CPU = Release|Any CPU
	EndGlobalSection
	GlobalSection(ProjectConfigurationPlatforms) = postSolution
		{EEFB58B2-CAE3-D071-93B8-1D5EDF3A1769}.Debug|Any CPU.ActiveCfg = Debug|Any CPU
		{EEFB58B2-CAE3-D071-93B8-1D5EDF3A1769}.Debug|Any CPU.Build.0 = Debug|Any CPU
		{EEFB58B2-CAE3-D071-93B8-1D5EDF3A1769}.Debug|Any CPU.Deploy.0 = Debug|Any CPU
		{EEFB58B2-CAE3-D071-93B8-1D5EDF3A1769}.Release|Any CPU.ActiveCfg = Release|Any CPU
		{EEFB58B2-CAE3-D071-93B8-1D5EDF3A1769}.Release|Any CPU.Build.0 = Release|Any CPU
		{EEFB58B2-CAE3-D071-93B8-1D5EDF3A1769}.Release|Any CPU.Deploy.0 = Release|Any CPU
		{B2F5AB4F-7C59-54C1-4220-E7A468A40126}.Debug|Any CPU.ActiveCfg = Debug|Any CPU
		{B2F5AB4F-7C59-54C1-4220-E7A468A40126}.Debug|Any CPU.Build.0 = Debug|Any CPU
		{B2F5AB4F-7C59-54C1-4220-E7A468A40126}.Release|Any CPU.ActiveCfg = Release|Any CPU
		{B2F5AB4F-7C59-54C1-4220-E7A468A40126}.Release|Any CPU.Build.0 = Release|Any CPU
		{A1CB9731-0FFE-D46A-EF99-C564BF6889CE}.Debug|Any CPU.ActiveCfg = Debug|Any CPU
		{A1CB9731-0FFE-D46A-EF99-C564BF6889CE}.Debug|Any CPU.Build.0 = Debug|Any CPU
		{A1CB9731-0FFE-D46A-EF99-C564BF6889CE}.Release|Any CPU.ActiveCfg = Release|Any CPU
		{A1CB9731-0FFE-D46A-EF99-C564BF6889CE}.Release|Any CPU.Build.0 = Release|Any CPU
		{27F9D9CC-E864-4DFA-900B-F7F58C48083D}.Debug|Any CPU.ActiveCfg = Debug|Any CPU
		{27F9D9CC-E864-4DFA-900B-F7F58C48083D}.Debug|Any CPU.Build.0 = Debug|Any CPU
		{27F9D9CC-E864-4DFA-900B-F7F58C48083D}.Release|Any CPU.ActiveCfg = Release|Any CPU
		{27F9D9CC-E864-4DFA-900B-F7F58C48083D}.Release|Any CPU.Build.0 = Release|Any CPU
		{B389BA73-593E-4E8B-BCDE-6960DC3A7AC6}.Debug|Any CPU.ActiveCfg = Debug|Any CPU
		{B389BA73-593E-4E8B-BCDE-6960DC3A7AC6}.Debug|Any CPU.Build.0 = Debug|Any CPU
		{B389BA73-593E-4E8B-BCDE-6960DC3A7AC6}.Release|Any CPU.ActiveCfg = Release|Any CPU
		{B389BA73-593E-4E8B-BCDE-6960DC3A7AC6}.Release|Any CPU.Build.0 = Release|Any CPU
		{3DB44B30-F42E-4DDC-9BCC-6ED9F10664BF}.Debug|Any CPU.ActiveCfg = Debug|Any CPU
		{3DB44B30-F42E-4DDC-9BCC-6ED9F10664BF}.Debug|Any CPU.Build.0 = Debug|Any CPU
		{3DB44B30-F42E-4DDC-9BCC-6ED9F10664BF}.Release|Any CPU.ActiveCfg = Release|Any CPU
		{3DB44B30-F42E-4DDC-9BCC-6ED9F10664BF}.Release|Any CPU.Build.0 = Release|Any CPU
		{C98F4242-E7C8-4321-8B35-ADBBBB7C072B}.Debug|Any CPU.ActiveCfg = Debug|Any CPU
		{C98F4242-E7C8-4321-8B35-ADBBBB7C072B}.Debug|Any CPU.Build.0 = Debug|Any CPU
		{C98F4242-E7C8-4321-8B35-ADBBBB7C072B}.Release|Any CPU.ActiveCfg = Release|Any CPU
		{C98F4242-E7C8-4321-8B35-ADBBBB7C072B}.Release|Any CPU.Build.0 = Release|Any CPU
	EndGlobalSection
	GlobalSection(SolutionProperties) = preSolution
		HideSolutionNode = FALSE
	EndGlobalSection
	GlobalSection(ExtensibilityGlobals) = postSolution
		SolutionGuid = {5FBAEE8E-C826-46C5-A02B-719DC4F678A5}
	EndGlobalSection
EndGlobal
