
Microsoft Visual Studio Solution File, Format Version 12.00
# Visual Studio Version 17
VisualStudioVersion = 17.14.36408.4 d17.14
MinimumVisualStudioVersion = 10.0.40219.1
Project("{FAE04EC0-301F-11D3-BF4B-00C04F79EFBC}") = "3d prueba", "3d prueba.csproj", "{AF820E73-9E2B-4314-A339-E4A5B42E763F}"
EndProject
Project("{FAE04EC0-301F-11D3-BF4B-00C04F79EFBC}") = "MonoGameLibrary3D", "..\..\GameClient\EEGame.Logic\MonoGameLibrary3D\MonoGameLibrary3D.csproj", "{D158EB24-EFDB-4CDE-9FBC-0F64C389F669}"
EndProject
Global
	GlobalSection(SolutionConfigurationPlatforms) = preSolution
		Debug|Any CPU = Debug|Any CPU
		Release|Any CPU = Release|Any CPU
	EndGlobalSection
	GlobalSection(ProjectConfigurationPlatforms) = postSolution
		{AF820E73-9E2B-4314-A339-E4A5B42E763F}.Debug|Any CPU.ActiveCfg = Debug|Any CPU
		{AF820E73-9E2B-4314-A339-E4A5B42E763F}.Debug|Any CPU.Build.0 = Debug|Any CPU
		{AF820E73-9E2B-4314-A339-E4A5B42E763F}.Release|Any CPU.ActiveCfg = Release|Any CPU
		{AF820E73-9E2B-4314-A339-E4A5B42E763F}.Release|Any CPU.Build.0 = Release|Any CPU
		{D158EB24-EFDB-4CDE-9FBC-0F64C389F669}.Debug|Any CPU.ActiveCfg = Debug|Any CPU
		{D158EB24-EFDB-4CDE-9FBC-0F64C389F669}.Debug|Any CPU.Build.0 = Debug|Any CPU
		{D158EB24-EFDB-4CDE-9FBC-0F64C389F669}.Release|Any CPU.ActiveCfg = Release|Any CPU
		{D158EB24-EFDB-4CDE-9FBC-0F64C389F669}.Release|Any CPU.Build.0 = Release|Any CPU
	EndGlobalSection
	GlobalSection(SolutionProperties) = preSolution
		HideSolutionNode = FALSE
	EndGlobalSection
	GlobalSection(ExtensibilityGlobals) = postSolution
		SolutionGuid = {2208C69F-4D57-4D00-BA0A-A10C1401988E}
	EndGlobalSection
EndGlobal
