
Microsoft Visual Studio Solution File, Format Version 12.00
# Visual Studio Version 17
VisualStudioVersion = 17.14.36408.4
MinimumVisualStudioVersion = 10.0.40219.1
Project("{FAE04EC0-301F-11D3-BF4B-00C04F79EFBC}") = "MyEngine_Core", "MyEngine_Core.csproj", "{59876205-4E1D-46C2-B5BE-06B2AE2488CD}"
EndProject
Project("{FAE04EC0-301F-11D3-BF4B-00C04F79EFBC}") = "MonoGameLibrary", "..\..\GamePlatform\GameClient\EEGame.Logic\GameEngine\MonoGameLibrary.csproj", "{93836867-51D8-2B95-9E76-55FFD8C47A34}"
EndProject
Project("{FAE04EC0-301F-11D3-BF4B-00C04F79EFBC}") = "MyEngineDemoGameImplementation", "..\MyEngineDemoGameImplementation\MyEngineDemoGameImplementation.csproj", "{4FD478BD-039D-4625-AD2A-BE543AB91D5A}"
EndProject
Project("{FAE04EC0-301F-11D3-BF4B-00C04F79EFBC}") = "MyEngine", "..\MyEngine\MyEngine.csproj", "{658E4CAB-98DB-6AB0-998B-4D67B7EA183B}"
EndProject
Global
	GlobalSection(SolutionConfigurationPlatforms) = preSolution
		Debug|Any CPU = Debug|Any CPU
		Release|Any CPU = Release|Any CPU
	EndGlobalSection
	GlobalSection(ProjectConfigurationPlatforms) = postSolution
		{59876205-4E1D-46C2-B5BE-06B2AE2488CD}.Debug|Any CPU.ActiveCfg = Debug|Any CPU
		{59876205-4E1D-46C2-B5BE-06B2AE2488CD}.Debug|Any CPU.Build.0 = Debug|Any CPU
		{59876205-4E1D-46C2-B5BE-06B2AE2488CD}.Release|Any CPU.ActiveCfg = Release|Any CPU
		{59876205-4E1D-46C2-B5BE-06B2AE2488CD}.Release|Any CPU.Build.0 = Release|Any CPU
		{93836867-51D8-2B95-9E76-55FFD8C47A34}.Debug|Any CPU.ActiveCfg = Debug|Any CPU
		{93836867-51D8-2B95-9E76-55FFD8C47A34}.Debug|Any CPU.Build.0 = Debug|Any CPU
		{93836867-51D8-2B95-9E76-55FFD8C47A34}.Release|Any CPU.ActiveCfg = Release|Any CPU
		{93836867-51D8-2B95-9E76-55FFD8C47A34}.Release|Any CPU.Build.0 = Release|Any CPU
		{4FD478BD-039D-4625-AD2A-BE543AB91D5A}.Debug|Any CPU.ActiveCfg = Debug|Any CPU
		{4FD478BD-039D-4625-AD2A-BE543AB91D5A}.Debug|Any CPU.Build.0 = Debug|Any CPU
		{4FD478BD-039D-4625-AD2A-BE543AB91D5A}.Release|Any CPU.ActiveCfg = Release|Any CPU
		{4FD478BD-039D-4625-AD2A-BE543AB91D5A}.Release|Any CPU.Build.0 = Release|Any CPU
		{658E4CAB-98DB-6AB0-998B-4D67B7EA183B}.Debug|Any CPU.ActiveCfg = Debug|Any CPU
		{658E4CAB-98DB-6AB0-998B-4D67B7EA183B}.Debug|Any CPU.Build.0 = Debug|Any CPU
		{658E4CAB-98DB-6AB0-998B-4D67B7EA183B}.Release|Any CPU.ActiveCfg = Release|Any CPU
		{658E4CAB-98DB-6AB0-998B-4D67B7EA183B}.Release|Any CPU.Build.0 = Release|Any CPU
	EndGlobalSection
	GlobalSection(SolutionProperties) = preSolution
		HideSolutionNode = FALSE
	EndGlobalSection
	GlobalSection(ExtensibilityGlobals) = postSolution
		SolutionGuid = {6799D5E8-71EC-4C13-85EB-8629465BC76F}
	EndGlobalSection
EndGlobal
